
Microsoft Visual Studio Solution File, Format Version 12.00
# Visual Studio Version 16
VisualStudioVersion = 16.0.32228.343
MinimumVisualStudioVersion = 10.0.40219.1
Project("{FAE04EC0-301F-11D3-BF4B-00C04F79EFBC}") = "Portfolio", "Portfolio\Portfolio.csproj", "{CEF4D9FC-EBFB-465D-93E7-3F15D03669D8}"
EndProject
Global
	GlobalSection(SolutionConfigurationPlatforms) = preSolution
		Debug|Any CPU = Debug|Any CPU
		Release|Any CPU = Release|Any CPU
	EndGlobalSection
	GlobalSection(ProjectConfigurationPlatforms) = postSolution
		{CEF4D9FC-EBFB-465D-93E7-3F15D03669D8}.Debug|Any CPU.ActiveCfg = Debug|Any CPU
		{CEF4D9FC-EBFB-465D-93E7-3F15D03669D8}.Debug|Any CPU.Build.0 = Debug|Any CPU
		{CEF4D9FC-EBFB-465D-93E7-3F15D03669D8}.Release|Any CPU.ActiveCfg = Release|Any CPU
		{CEF4D9FC-EBFB-465D-93E7-3F15D03669D8}.Release|Any CPU.Build.0 = Release|Any CPU
	EndGlobalSection
	GlobalSection(SolutionProperties) = preSolution
		HideSolutionNode = FALSE
	EndGlobalSection
	GlobalSection(ExtensibilityGlobals) = postSolution
		SolutionGuid = {022F810D-603F-47B3-9E90-A4B96F2766C9}
	EndGlobalSection
EndGlobal
